Microsoft Visual Studio Solution File, Format Version 12.00
# Visual Studio Version 16
VisualStudioVersion = 16.0.29411.108
MinimumVisualStudioVersion = 10.0.40219.1
Project("{FAE04EC0-301F-11D3-BF4B-00C04F79EFBC}") = "RfidCheckout.Checkout", "RfidCheckout.Checkout\RfidCheckout.Checkout.csproj", "{0D4C047E-4605-4798-AEED-39AA6ABDEC88}"
EndProject
Project("{FAE04EC0-301F-11D3-BF4B-00C04F79EFBC}") = "RfidCheckout.Config", "RfidCheckout.Config\RfidCheckout.Config.csproj", "{29B7FB4F-B97A-48EB-B68A-4C0257131948}"
EndProject
Project("{FAE04EC0-301F-11D3-BF4B-00C04F79EFBC}") = "RfidCheckout.TagReader", "RfidCheckout.TagReader\RfidCheckout.TagReader.csproj", "{F95C8FA5-7816-4BC4-95D1-1881143DAD3D}"
EndProject
Project("{FAE04EC0-301F-11D3-BF4B-00C04F79EFBC}") = "RfidCheckout.Messages", "RfidCheckout.Messages\RfidCheckout.Messages.csproj", "{33E98E3D-25AD-40EF-A787-7378AEECA9A4}"
EndProject
Global
	GlobalSection(SolutionConfigurationPlatforms) = preSolution
		Debug|Any CPU = Debug|Any CPU
		Debug|Mixed Platforms = Debug|Mixed Platforms
		Debug|x86 = Debug|x86
		Release|Any CPU = Release|Any CPU
		Release|Mixed Platforms = Release|Mixed Platforms
		Release|x86 = Release|x86
	EndGlobalSection
	GlobalSection(ProjectConfigurationPlatforms) = postSolution
		{0D4C047E-4605-4798-AEED-39AA6ABDEC88}.Debug|Any CPU.ActiveCfg = Debug|x86
		{0D4C047E-4605-4798-AEED-39AA6ABDEC88}.Debug|Mixed Platforms.ActiveCfg = Debug|x86
		{0D4C047E-4605-4798-AEED-39AA6ABDEC88}.Debug|Mixed Platforms.Build.0 = Debug|x86
		{0D4C047E-4605-4798-AEED-39AA6ABDEC88}.Debug|x86.ActiveCfg = Debug|x86
		{0D4C047E-4605-4798-AEED-39AA6ABDEC88}.Debug|x86.Build.0 = Debug|x86
		{0D4C047E-4605-4798-AEED-39AA6ABDEC88}.Release|Any CPU.ActiveCfg = Release|x86
		{0D4C047E-4605-4798-AEED-39AA6ABDEC88}.Release|Mixed Platforms.ActiveCfg = Release|x86
		{0D4C047E-4605-4798-AEED-39AA6ABDEC88}.Release|Mixed Platforms.Build.0 = Release|x86
		{0D4C047E-4605-4798-AEED-39AA6ABDEC88}.Release|x86.ActiveCfg = Release|x86
		{0D4C047E-4605-4798-AEED-39AA6ABDEC88}.Release|x86.Build.0 = Release|x86
		{0D4C047E-4605-4798-AEED-39AA6ABDEC88}.Debug|Any CPU.Build.0 = Debug|x86
		{29B7FB4F-B97A-48EB-B68A-4C0257131948}.Debug|Any CPU.ActiveCfg = Debug|Any CPU
		{29B7FB4F-B97A-48EB-B68A-4C0257131948}.Debug|Any CPU.Build.0 = Debug|Any CPU
		{29B7FB4F-B97A-48EB-B68A-4C0257131948}.Debug|Mixed Platforms.ActiveCfg = Debug|Any CPU
		{29B7FB4F-B97A-48EB-B68A-4C0257131948}.Debug|Mixed Platforms.Build.0 = Debug|Any CPU
		{29B7FB4F-B97A-48EB-B68A-4C0257131948}.Debug|x86.ActiveCfg = Debug|Any CPU
		{29B7FB4F-B97A-48EB-B68A-4C0257131948}.Release|Any CPU.ActiveCfg = Release|Any CPU
		{29B7FB4F-B97A-48EB-B68A-4C0257131948}.Release|Any CPU.Build.0 = Release|Any CPU
		{29B7FB4F-B97A-48EB-B68A-4C0257131948}.Release|Mixed Platforms.ActiveCfg = Release|Any CPU
		{29B7FB4F-B97A-48EB-B68A-4C0257131948}.Release|Mixed Platforms.Build.0 = Release|Any CPU
		{29B7FB4F-B97A-48EB-B68A-4C0257131948}.Release|x86.ActiveCfg = Release|Any CPU
		{F95C8FA5-7816-4BC4-95D1-1881143DAD3D}.Debug|Any CPU.ActiveCfg = Debug|x86
		{F95C8FA5-7816-4BC4-95D1-1881143DAD3D}.Debug|Mixed Platforms.ActiveCfg = Debug|x86
		{F95C8FA5-7816-4BC4-95D1-1881143DAD3D}.Debug|Mixed Platforms.Build.0 = Debug|x86
		{F95C8FA5-7816-4BC4-95D1-1881143DAD3D}.Debug|x86.ActiveCfg = Debug|x86
		{F95C8FA5-7816-4BC4-95D1-1881143DAD3D}.Debug|x86.Build.0 = Debug|x86
		{F95C8FA5-7816-4BC4-95D1-1881143DAD3D}.Release|Any CPU.ActiveCfg = Release|x86
		{F95C8FA5-7816-4BC4-95D1-1881143DAD3D}.Release|Mixed Platforms.ActiveCfg = Release|x86
		{F95C8FA5-7816-4BC4-95D1-1881143DAD3D}.Release|Mixed Platforms.Build.0 = Release|x86
		{F95C8FA5-7816-4BC4-95D1-1881143DAD3D}.Release|x86.ActiveCfg = Release|x86
		{F95C8FA5-7816-4BC4-95D1-1881143DAD3D}.Release|x86.Build.0 = Release|x86
		{F95C8FA5-7816-4BC4-95D1-1881143DAD3D}.Debug|Any CPU.Build.0 = Debug|x86
		{33E98E3D-25AD-40EF-A787-7378AEECA9A4}.Debug|Any CPU.ActiveCfg = Debug|Any CPU
		{33E98E3D-25AD-40EF-A787-7378AEECA9A4}.Debug|Any CPU.Build.0 = Debug|Any CPU
		{33E98E3D-25AD-40EF-A787-7378AEECA9A4}.Debug|Mixed Platforms.ActiveCfg = Debug|Any CPU
		{33E98E3D-25AD-40EF-A787-7378AEECA9A4}.Debug|Mixed Platforms.Build.0 = Debug|Any CPU
		{33E98E3D-25AD-40EF-A787-7378AEECA9A4}.Debug|x86.ActiveCfg = Debug|Any CPU
		{33E98E3D-25AD-40EF-A787-7378AEECA9A4}.Debug|x86.Build.0 = Debug|Any CPU
		{33E98E3D-25AD-40EF-A787-7378AEECA9A4}.Release|Any CPU.ActiveCfg = Release|Any CPU
		{33E98E3D-25AD-40EF-A787-7378AEECA9A4}.Release|Any CPU.Build.0 = Release|Any CPU
		{33E98E3D-25AD-40EF-A787-7378AEECA9A4}.Release|Mixed Platforms.ActiveCfg = Release|Any CPU
		{33E98E3D-25AD-40EF-A787-7378AEECA9A4}.Release|Mixed Platforms.Build.0 = Release|Any CPU
		{33E98E3D-25AD-40EF-A787-7378AEECA9A4}.Release|x86.ActiveCfg = Release|Any CPU
		{33E98E3D-25AD-40EF-A787-7378AEECA9A4}.Release|x86.Build.0 = Release|Any CPU
	EndGlobalSection
	GlobalSection(SolutionProperties) = preSolution
		HideSolutionNode = FALSE
	EndGlobalSection
	GlobalSection(ExtensibilityGlobals) = postSolution
		SolutionGuid = {A589267C-569B-4F99-AC82-C14F01418E09}
	EndGlobalSection
EndGlobal
